
Microsoft Visual Studio Solution File, Format Version 12.00
# Visual Studio Version 17
VisualStudioVersion = 17.14.36202.13 d17.14
MinimumVisualStudioVersion = 10.0.40219.1
Project("{FAE04EC0-301F-11D3-BF4B-00C04F79EFBC}") = "QLinkCleaner", "QLinkCleaner\QLinkCleaner.csproj", "{2B43C378-0C84-4FAF-9183-4C8E22EF878B}"
EndProject
Global
	GlobalSection(SolutionConfigurationPlatforms) = preSolution
		Debug|Any CPU = Debug|Any CPU
		Release|Any CPU = Release|Any CPU
	EndGlobalSection
	GlobalSection(ProjectConfigurationPlatforms) = postSolution
		{2B43C378-0C84-4FAF-9183-4C8E22EF878B}.Debug|Any CPU.ActiveCfg = Debug|Any CPU
		{2B43C378-0C84-4FAF-9183-4C8E22EF878B}.Debug|Any CPU.Build.0 = Debug|Any CPU
		{2B43C378-0C84-4FAF-9183-4C8E22EF878B}.Release|Any CPU.ActiveCfg = Release|Any CPU
		{2B43C378-0C84-4FAF-9183-4C8E22EF878B}.Release|Any CPU.Build.0 = Release|Any CPU
	EndGlobalSection
	GlobalSection(SolutionProperties) = preSolution
		HideSolutionNode = FALSE
	EndGlobalSection
	GlobalSection(ExtensibilityGlobals) = postSolution
		SolutionGuid = {D70456CC-9B87-4BAB-B61F-B366F0CAD97D}
	EndGlobalSection
EndGlobal
